
Microsoft Visual Studio Solution File, Format Version 12.00
# Visual Studio 15
VisualStudioVersion = 15.0.28307.421
MinimumVisualStudioVersion = 10.0.40219.1
Project("{FAE04EC0-301F-11D3-BF4B-00C04F79EFBC}") = "LatihanMemberClass", "LatihanMemberClass\LatihanMemberClass.csproj", "{B622F598-300C-483D-A88F-A3D8F1E8E5DA}"
EndProject
Global
	GlobalSection(SolutionConfigurationPlatforms) = preSolution
		Debug|Any CPU = Debug|Any CPU
		Release|Any CPU = Release|Any CPU
	EndGlobalSection
	GlobalSection(ProjectConfigurationPlatforms) = postSolution
		{B622F598-300C-483D-A88F-A3D8F1E8E5DA}.Debug|Any CPU.ActiveCfg = Debug|Any CPU
		{B622F598-300C-483D-A88F-A3D8F1E8E5DA}.Debug|Any CPU.Build.0 = Debug|Any CPU
		{B622F598-300C-483D-A88F-A3D8F1E8E5DA}.Release|Any CPU.ActiveCfg = Release|Any CPU
		{B622F598-300C-483D-A88F-A3D8F1E8E5DA}.Release|Any CPU.Build.0 = Release|Any CPU
	EndGlobalSection
	GlobalSection(SolutionProperties) = preSolution
		HideSolutionNode = FALSE
	EndGlobalSection
	GlobalSection(ExtensibilityGlobals) = postSolution
		SolutionGuid = {2E5D7611-A19D-479B-B0DE-1E80012DB7DF}
	EndGlobalSection
EndGlobal
